
Microsoft Visual Studio Solution File, Format Version 12.00
# Visual Studio Version 17
VisualStudioVersion = 17.11.35327.3
MinimumVisualStudioVersion = 10.0.40219.1
Project("{FAE04EC0-301F-11D3-BF4B-00C04F79EFBC}") = "CalculoRetangulo", "CalculoRetangulo\CalculoRetangulo.csproj", "{162E20CD-2C3B-4C7E-A1CF-DC7B57B079F6}"
EndProject
Global
	GlobalSection(SolutionConfigurationPlatforms) = preSolution
		Debug|Any CPU = Debug|Any CPU
		Release|Any CPU = Release|Any CPU
	EndGlobalSection
	GlobalSection(ProjectConfigurationPlatforms) = postSolution
		{162E20CD-2C3B-4C7E-A1CF-DC7B57B079F6}.Debug|Any CPU.ActiveCfg = Debug|Any CPU
		{162E20CD-2C3B-4C7E-A1CF-DC7B57B079F6}.Debug|Any CPU.Build.0 = Debug|Any CPU
		{162E20CD-2C3B-4C7E-A1CF-DC7B57B079F6}.Release|Any CPU.ActiveCfg = Release|Any CPU
		{162E20CD-2C3B-4C7E-A1CF-DC7B57B079F6}.Release|Any CPU.Build.0 = Release|Any CPU
	EndGlobalSection
	GlobalSection(SolutionProperties) = preSolution
		HideSolutionNode = FALSE
	EndGlobalSection
	GlobalSection(ExtensibilityGlobals) = postSolution
		SolutionGuid = {6DA4FE4D-11B2-47D6-A286-B1C4252F2B82}
	EndGlobalSection
EndGlobal
